
Microsoft Visual Studio Solution File, Format Version 12.00
# Visual Studio Version 17
VisualStudioVersion = 17.13.35913.81 d17.13
MinimumVisualStudioVersion = 10.0.40219.1
Project("{FAE04EC0-301F-11D3-BF4B-00C04F79EFBC}") = "kalapacsvetes", "kalapacsvetes\kalapacsvetes.csproj", "{88906B28-ED5B-4289-8DB5-8BD94F769833}"
EndProject
Global
	GlobalSection(SolutionConfigurationPlatforms) = preSolution
		Debug|Any CPU = Debug|Any CPU
		Release|Any CPU = Release|Any CPU
	EndGlobalSection
	GlobalSection(ProjectConfigurationPlatforms) = postSolution
		{88906B28-ED5B-4289-8DB5-8BD94F769833}.Debug|Any CPU.ActiveCfg = Debug|Any CPU
		{88906B28-ED5B-4289-8DB5-8BD94F769833}.Debug|Any CPU.Build.0 = Debug|Any CPU
		{88906B28-ED5B-4289-8DB5-8BD94F769833}.Release|Any CPU.ActiveCfg = Release|Any CPU
		{88906B28-ED5B-4289-8DB5-8BD94F769833}.Release|Any CPU.Build.0 = Release|Any CPU
	EndGlobalSection
	GlobalSection(SolutionProperties) = preSolution
		HideSolutionNode = FALSE
	EndGlobalSection
	GlobalSection(ExtensibilityGlobals) = postSolution
		SolutionGuid = {D33386CA-057E-46B2-A944-989E3D32C082}
	EndGlobalSection
EndGlobal
